
Microsoft Visual Studio Solution File, Format Version 12.00
# Visual Studio Version 17
VisualStudioVersion = 17.8.34309.116
MinimumVisualStudioVersion = 10.0.40219.1
Project("{FAE04EC0-301F-11D3-BF4B-00C04F79EFBC}") = "assighment3personal", "assighment3personal\assighment3personal.csproj", "{7B0D0005-9851-4DCE-B1CA-ECE57DD3B0A6}"
EndProject
Global
	GlobalSection(SolutionConfigurationPlatforms) = preSolution
		Debug|Any CPU = Debug|Any CPU
		Release|Any CPU = Release|Any CPU
	EndGlobalSection
	GlobalSection(ProjectConfigurationPlatforms) = postSolution
		{7B0D0005-9851-4DCE-B1CA-ECE57DD3B0A6}.Debug|Any CPU.ActiveCfg = Debug|Any CPU
		{7B0D0005-9851-4DCE-B1CA-ECE57DD3B0A6}.Debug|Any CPU.Build.0 = Debug|Any CPU
		{7B0D0005-9851-4DCE-B1CA-ECE57DD3B0A6}.Release|Any CPU.ActiveCfg = Release|Any CPU
		{7B0D0005-9851-4DCE-B1CA-ECE57DD3B0A6}.Release|Any CPU.Build.0 = Release|Any CPU
	EndGlobalSection
	GlobalSection(SolutionProperties) = preSolution
		HideSolutionNode = FALSE
	EndGlobalSection
	GlobalSection(ExtensibilityGlobals) = postSolution
		SolutionGuid = {8AFE1C8D-23CB-426E-882F-60DCDEED2C1D}
	EndGlobalSection
EndGlobal
